
Microsoft Visual Studio Solution File, Format Version 12.00
# Visual Studio Version 17
VisualStudioVersion = 17.7.34024.191
MinimumVisualStudioVersion = 10.0.40219.1
Project("{8BC9CEB8-8B4A-11D0-8D11-00A0C91BC942}") = "7dopioaip", "7dopioaip\7dopioaip.vcxproj", "{40F6D667-9641-4C6D-866D-DF73DE5318F9}"
EndProject
Project("{8BC9CEB8-8B4A-11D0-8D11-00A0C91BC942}") = "dop3", "dop3\dop3.vcxproj", "{6CC6F6A0-B474-4AE2-9C85-0E8F7663EC4E}"
EndProject
Global
	GlobalSection(SolutionConfigurationPlatforms) = preSolution
		Debug|x64 = Debug|x64
		Debug|x86 = Debug|x86
		Release|x64 = Release|x64
		Release|x86 = Release|x86
	EndGlobalSection
	GlobalSection(ProjectConfigurationPlatforms) = postSolution
		{40F6D667-9641-4C6D-866D-DF73DE5318F9}.Debug|x64.ActiveCfg = Debug|x64
		{40F6D667-9641-4C6D-866D-DF73DE5318F9}.Debug|x64.Build.0 = Debug|x64
		{40F6D667-9641-4C6D-866D-DF73DE5318F9}.Debug|x86.ActiveCfg = Debug|Win32
		{40F6D667-9641-4C6D-866D-DF73DE5318F9}.Debug|x86.Build.0 = Debug|Win32
		{40F6D667-9641-4C6D-866D-DF73DE5318F9}.Release|x64.ActiveCfg = Release|x64
		{40F6D667-9641-4C6D-866D-DF73DE5318F9}.Release|x64.Build.0 = Release|x64
		{40F6D667-9641-4C6D-866D-DF73DE5318F9}.Release|x86.ActiveCfg = Release|Win32
		{40F6D667-9641-4C6D-866D-DF73DE5318F9}.Release|x86.Build.0 = Release|Win32
		{6CC6F6A0-B474-4AE2-9C85-0E8F7663EC4E}.Debug|x64.ActiveCfg = Debug|x64
		{6CC6F6A0-B474-4AE2-9C85-0E8F7663EC4E}.Debug|x64.Build.0 = Debug|x64
		{6CC6F6A0-B474-4AE2-9C85-0E8F7663EC4E}.Debug|x86.ActiveCfg = Debug|Win32
		{6CC6F6A0-B474-4AE2-9C85-0E8F7663EC4E}.Debug|x86.Build.0 = Debug|Win32
		{6CC6F6A0-B474-4AE2-9C85-0E8F7663EC4E}.Release|x64.ActiveCfg = Release|x64
		{6CC6F6A0-B474-4AE2-9C85-0E8F7663EC4E}.Release|x64.Build.0 = Release|x64
		{6CC6F6A0-B474-4AE2-9C85-0E8F7663EC4E}.Release|x86.ActiveCfg = Release|Win32
		{6CC6F6A0-B474-4AE2-9C85-0E8F7663EC4E}.Release|x86.Build.0 = Release|Win32
	EndGlobalSection
	GlobalSection(SolutionProperties) = preSolution
		HideSolutionNode = FALSE
	EndGlobalSection
	GlobalSection(ExtensibilityGlobals) = postSolution
		SolutionGuid = {D60764C1-1A80-4C6E-ADA8-0BD69F9D48A5}
	EndGlobalSection
EndGlobal
